
Microsoft Visual Studio Solution File, Format Version 12.00
# Visual Studio Version 17
VisualStudioVersion = 17.8.34330.188
MinimumVisualStudioVersion = 10.0.40219.1
Project("{FAE04EC0-301F-11D3-BF4B-00C04F79EFBC}") = "CareerCloud.Pocos", "CareerCloud.Pocos\CareerCloud.Pocos.csproj", "{EEF61566-5E89-477D-9696-0DE217F899BC}"
EndProject
Project("{9A19103F-16F7-4668-BE54-9A1E7A4F7556}") = "CareerCloudCore.UnitTests.Assignment1", "CareerCloudCore.UnitTests.Assignment\CareerCloudCore.UnitTests.Assignment1.csproj", "{DCCA0CE3-7B9F-43C5-A7E8-971B73304A43}"
EndProject
Global
	GlobalSection(SolutionConfigurationPlatforms) = preSolution
		Debug|Any CPU = Debug|Any CPU
		Release|Any CPU = Release|Any CPU
	EndGlobalSection
	GlobalSection(ProjectConfigurationPlatforms) = postSolution
		{EEF61566-5E89-477D-9696-0DE217F899BC}.Debug|Any CPU.ActiveCfg = Debug|Any CPU
		{EEF61566-5E89-477D-9696-0DE217F899BC}.Debug|Any CPU.Build.0 = Debug|Any CPU
		{EEF61566-5E89-477D-9696-0DE217F899BC}.Release|Any CPU.ActiveCfg = Release|Any CPU
		{EEF61566-5E89-477D-9696-0DE217F899BC}.Release|Any CPU.Build.0 = Release|Any CPU
		{DCCA0CE3-7B9F-43C5-A7E8-971B73304A43}.Debug|Any CPU.ActiveCfg = Debug|Any CPU
		{DCCA0CE3-7B9F-43C5-A7E8-971B73304A43}.Debug|Any CPU.Build.0 = Debug|Any CPU
		{DCCA0CE3-7B9F-43C5-A7E8-971B73304A43}.Release|Any CPU.ActiveCfg = Release|Any CPU
		{DCCA0CE3-7B9F-43C5-A7E8-971B73304A43}.Release|Any CPU.Build.0 = Release|Any CPU
	EndGlobalSection
	GlobalSection(SolutionProperties) = preSolution
		HideSolutionNode = FALSE
	EndGlobalSection
	GlobalSection(ExtensibilityGlobals) = postSolution
		SolutionGuid = {D17D085D-058D-44CA-9670-3D82C7BEF8C5}
	EndGlobalSection
EndGlobal
